# THIS IS AN AUTOGENERATED FILE. DO NOT EDIT THIS FILE DIRECTLY.
# yarn lockfile v1
cancellation-token@^1.0.0:
  version "1.0.0"
  resolved "https://registry.yarnpkg.com/cancellation-token/-/cancellation-token-1.0.0.tgz#e6ee35100fb23dc7b77526c63ebfb8518c59514a"

raf-scheduler:
  version "0.0.2"
  resolved "https://registry.yarnpkg.com/raf-scheduler/-/raf-scheduler-0.0.2.tgz#7568841313c164cc5844f3dcb2eb740c2ed7a3f7"
  dependencies:
    cancellation-token "^1.0.0"

